// !$*UTF8*$!
{
	archiveVersion = 1;
	classes = {
	};
	objectVersion = 46;
	objects = {

/* Begin PBXBuildFile section */
		527964771734FFDA00CE2052 /* UIKit.framework in Frameworks */ = {isa = PBXBuildFile; fileRef = 527964761734FFDA00CE2052 /* UIKit.framework */; };
		527964791734FFDA00CE2052 /* Foundation.framework in Frameworks */ = {isa = PBXBuildFile; fileRef = 527964781734FFDA00CE2052 /* Foundation.framework */; };
		5279647B1734FFDA00CE2052 /* CoreGraphics.framework in Frameworks */ = {isa = PBXBuildFile; fileRef = 5279647A1734FFDA00CE2052 /* CoreGraphics.framework */; };
		527964811734FFDA00CE2052 /* InfoPlist.strings in Resources */ = {isa = PBXBuildFile; fileRef = 5279647F1734FFDA00CE2052 /* InfoPlist.strings */; };
		527964831734FFDA00CE2052 /* main.m in Sources */ = {isa = PBXBuildFile; fileRef = 527964821734FFDA00CE2052 /* main.m */; };
		527964871734FFDA00CE2052 /* AppDelegate.m in Sources */ = {isa = PBXBuildFile; fileRef = 527964861734FFDA00CE2052 /* AppDelegate.m */; };
		527964891734FFDA00CE2052 /* Default.png in Resources */ = {isa = PBXBuildFile; fileRef = 527964881734FFDA00CE2052 /* Default.png */; };
		5279648B1734FFDA00CE2052 /* Default@2x.png in Resources */ = {isa = PBXBuildFile; fileRef = 5279648A1734FFDA00CE2052 /* Default@2x.png */; };
		5279648D1734FFDA00CE2052 /* Default-568h@2x.png in Resources */ = {isa = PBXBuildFile; fileRef = 5279648C1734FFDA00CE2052 /* Default-568h@2x.png */; };
/* End PBXBuildFile section */

/* Begin PBXFileReference section */
		527964731734FFDA00CE2052 /* TestApp.app */ = {isa = PBXFileReference; explicitFileType = wrapper.application; includeInIndex = 0; path = TestApp.app; sourceTree = BUILT_PRODUCTS_DIR; };
		527964761734FFDA00CE2052 /* UIKit.framework */ = {isa = PBXFileReference; lastKnownFileType = wrapper.framework; name = UIKit.framework; path = System/Library/Frameworks/UIKit.framework; sourceTree = SDKROOT; };
		527964781734FFDA00CE2052 /* Foundation.framework */ = {isa = PBXFileReference; lastKnownFileType = wrapper.framework; name = Foundation.framework; path = System/Library/Frameworks/Foundation.framework; sourceTree = SDKROOT; };
		5279647A1734FFDA00CE2052 /* CoreGraphics.framework */ = {isa = PBXFileReference; lastKnownFileType = wrapper.framework; name = CoreGraphics.framework; path = System/Library/Frameworks/CoreGraphics.framework; sourceTree = SDKROOT; };
		5279647E1734FFDA00CE2052 /* TestApp-Info.plist */ = {isa = PBXFileReference; lastKnownFileType = text.plist.xml; path = "TestApp-Info.plist"; sourceTree = "<group>"; };
		527964801734FFDA00CE2052 /* en */ = {isa = PBXFileReference; lastKnownFileType = text.plist.strings; name = en; path = en.lproj/InfoPlist.strings; sourceTree = "<group>"; };
		527964821734FFDA00CE2052 /* main.m */ = {isa = PBXFileReference; lastKnownFileType = sourcecode.c.objc; path = main.m; sourceTree = "<group>"; };
		527964841734FFDA00CE2052 /* TestApp-Prefix.pch */ = {isa = PBXFileReference; lastKnownFileType = sourcecode.c.h; path = "TestApp-Prefix.pch"; sourceTree = "<group>"; };
		527964851734FFDA00CE2052 /* AppDelegate.h */ = {isa = PBXFileReference; lastKnownFileType = sourcecode.c.h; path = AppDelegate.h; sourceTree = "<group>"; };
		527964861734FFDA00CE2052 /* AppDelegate.m */ = {isa = PBXFileReference; lastKnownFileType = sourcecode.c.objc; path = AppDelegate.m; sourceTree = "<group>"; };
		527964881734FFDA00CE2052 /* Default.png */ = {isa = PBXFileReference; lastKnownFileType = image.png; path = Default.png; sourceTree = "<group>"; };
		5279648A1734FFDA00CE2052 /* Default@2x.png */ = {isa = PBXFileReference; lastKnownFileType = image.png; path = "Default@2x.png"; sourceTree = "<group>"; };
		5279648C1734FFDA00CE2052 /* Default-568h@2x.png */ = {isa = PBXFileReference; lastKnownFileType = image.png; path = "Default-568h@2x.png"; sourceTree = "<group>"; };
/* End PBXFileReference section */

/* Begin PBXFrameworksBuildPhase section */
		527964701734FFDA00CE2052 /* Frameworks */ = {
			isa = PBXFrameworksBuildPhase;
			buildActionMask = 2147483647;
			files = (
				527964771734FFDA00CE2052 /* UIKit.framework in Frameworks */,
				527964791734FFDA00CE2052 /* Foundation.framework in Frameworks */,
				5279647B1734FFDA00CE2052 /* CoreGraphics.framework in Frameworks */,
			);
			runOnlyForDeploymentPostprocessing = 0;
		};
/* End PBXFrameworksBuildPhase section */

/* Begin PBXGroup section */
		5279646A1734FFDA00CE2052 = {
			isa = PBXGroup;
			children = (
				5279647C1734FFDA00CE2052 /* TestApp */,
				527964751734FFDA00CE2052 /* Frameworks */,
				527964741734FFDA00CE2052 /* Products */,
			);
			sourceTree = "<group>";
		};
		527964741734FFDA00CE2052 /* Products */ = {
			isa = PBXGroup;
			children = (
				527964731734FFDA00CE2052 /* TestApp.app */,
			);
			name = Products;
			sourceTree = "<group>";
		};
		527964751734FFDA00CE2052 /* Frameworks */ = {
			isa = PBXGroup;
			children = (
				527964761734FFDA00CE2052 /* UIKit.framework */,
				527964781734FFDA00CE2052 /* Foundation.framework */,
				5279647A1734FFDA00CE2052 /* CoreGraphics.framework */,
			);
			name = Frameworks;
			sourceTree = "<group>";
		};
		5279647C1734FFDA00CE2052 /* TestApp */ = {
			isa = PBXGroup;
			children = (
				527964851734FFDA00CE2052 /* AppDelegate.h */,
				527964861734FFDA00CE2052 /* AppDelegate.m */,
				5279647D1734FFDA00CE2052 /* Supporting Files */,
			);
			path = TestApp;
			sourceTree = "<group>";
		};
		5279647D1734FFDA00CE2052 /* Supporting Files */ = {
			isa = PBXGroup;
			children = (
				5279647E1734FFDA00CE2052 /* TestApp-Info.plist */,
				5279647F1734FFDA00CE2052 /* InfoPlist.strings */,
				527964821734FFDA00CE2052 /* main.m */,
				527964841734FFDA00CE2052 /* TestApp-Prefix.pch */,
				527964881734FFDA00CE2052 /* Default.png */,
				5279648A1734FFDA00CE2052 /* Default@2x.png */,
				5279648C1734FFDA00CE2052 /* Default-568h@2x.png */,
			);
			name = "Supporting Files";
			sourceTree = "<group>";
		};
/* End PBXGroup section */

/* Begin PBXNativeTarget section */
		527964721734FFDA00CE2052 /* TestApp */ = {
			isa = PBXNativeTarget;
			buildConfigurationList = 527964901734FFDA00CE2052 /* Build configuration list for PBXNativeTarget "TestApp" */;
			buildPhases = (
				5279646F1734FFDA00CE2052 /* Sources */,
				527964701734FFDA00CE2052 /* Frameworks */,
				527964711734FFDA00CE2052 /* Resources */,
			);
			buildRules = (
			);
			dependencies = (
			);
			name = TestApp;
			productName = TestApp;
			productReference = 527964731734FFDA00CE2052 /* TestApp.app */;
			productType = "com.apple.product-type.application";
		};
/* End PBXNativeTarget section */

/* Begin PBXProject section */
		5279646B1734FFDA00CE2052 /* Project object */ = {
			isa = PBXProject;
			attributes = {
				LastUpgradeCheck = 0460;
				ORGANIZATIONNAME = daviad;
			};
			buildConfigurationList = 5279646E1734FFDA00CE2052 /* Build configuration list for PBXProject "TestApp" */;
			compatibilityVersion = "Xcode 3.2";
			developmentRegion = English;
			hasScannedForEncodings = 0;
			knownRegions = (
				en,
			);
			mainGroup = 5279646A1734FFDA00CE2052;
			productRefGroup = 527964741734FFDA00CE2052 /* Products */;
			projectDirPath = "";
			projectRoot = "";
			targets = (
				527964721734FFDA00CE2052 /* TestApp */,
			);
		};
/* End PBXProject section */

/* Begin PBXResourcesBuildPhase section */
		527964711734FFDA00CE2052 /* Resources */ = {
			isa = PBXResourcesBuildPhase;
			buildActionMask = 2147483647;
			files = (
				527964811734FFDA00CE2052 /* InfoPlist.strings in Resources */,
				527964891734FFDA00CE2052 /* Default.png in Resources */,
				5279648B1734FFDA00CE2052 /* Default@2x.png in Resources */,
				5279648D1734FFDA00CE2052 /* Default-568h@2x.png in Resources */,
			);
			runOnlyForDeploymentPostprocessing = 0;
		};
/* End PBXResourcesBuildPhase section */

/* Begin PBXSourcesBuildPhase section */
		5279646F1734FFDA00CE2052 /* Sources */ = {
			isa = PBXSourcesBuildPhase;
			buildActionMask = 2147483647;
			files = (
				527964831734FFDA00CE2052 /* main.m in Sources */,
				527964871734FFDA00CE2052 /* AppDelegate.m in Sources */,
			);
			runOnlyForDeploymentPostprocessing = 0;
		};
/* End PBXSourcesBuildPhase section */

/* Begin PBXVariantGroup section */
		5279647F1734FFDA00CE2052 /* InfoPlist.strings */ = {
			isa = PBXVariantGroup;
			children = (
				527964801734FFDA00CE2052 /* en */,
			);
			name = InfoPlist.strings;
			sourceTree = "<group>";
		};
/* End PBXVariantGroup section */

/* Begin XCBuildConfiguration section */
		5279648E1734FFDA00CE2052 /* Debug */ = {
			isa = XCBuildConfiguration;
			buildSettings = {
				ALWAYS_SEARCH_USER_PATHS = NO;
				CLANG_CXX_LANGUAGE_STANDARD = "gnu++0x";
				CLANG_CXX_LIBRARY = "libc++";
				CLANG_WARN_CONSTANT_CONVERSION = YES;
				CLANG_WARN_EMPTY_BODY = YES;
				CLANG_WARN_ENUM_CONVERSION = YES;
				CLANG_WARN_INT_CONVERSION = YES;
				CLANG_WARN__DUPLICATE_METHOD_MATCH = YES;
				"CODE_SIGN_IDENTITY[sdk=iphoneos*]" = "iPhone Developer";
				COPY_PHASE_STRIP = NO;
				GCC_C_LANGUAGE_STANDARD = gnu99;
				GCC_DYNAMIC_NO_PIC = NO;
				GCC_OPTIMIZATION_LEVEL = 0;
				GCC_PREPROCESSOR_DEFINITIONS = (
					"DEBUG=1",
					"$(inherited)",
				);
				GCC_SYMBOLS_PRIVATE_EXTERN = NO;
				GCC_WARN_ABOUT_RETURN_TYPE = YES;
				GCC_WARN_UNINITIALIZED_AUTOS = YES;
				GCC_WARN_UNUSED_VARIABLE = YES;
				IPHONEOS_DEPLOYMENT_TARGET = 6.1;
				ONLY_ACTIVE_ARCH = YES;
				SDKROOT = iphoneos;
			};
			name = Debug;
		};
		5279648F1734FFDA00CE2052 /* Release */ = {
			isa = XCBuildConfiguration;
			buildSettings = {
				ALWAYS_SEARCH_USER_PATHS = NO;
				CLANG_CXX_LANGUAGE_STANDARD = "gnu++0x";
				CLANG_CXX_LIBRARY = "libc++";
				CLANG_WARN_CONSTANT_CONVERSION = YES;
				CLANG_WARN_EMPTY_BODY = YES;
				CLANG_WARN_ENUM_CONVERSION = YES;
				CLANG_WARN_INT_CONVERSION = YES;
				CLANG_WARN__DUPLICATE_METHOD_MATCH = YES;
				"CODE_SIGN_IDENTITY[sdk=iphoneos*]" = "iPhone Developer";
				COPY_PHASE_STRIP = YES;
				GCC_C_LANGUAGE_STANDARD = gnu99;
				GCC_WARN_ABOUT_RETURN_TYPE = YES;
				GCC_WARN_UNINITIALIZED_AUTOS = YES;
				GCC_WARN_UNUSED_VARIABLE = YES;
				IPHONEOS_DEPLOYMENT_TARGET = 6.1;
				OTHER_CFLAGS = "-DNS_BLOCK_ASSERTIONS=1";
				SDKROOT = iphoneos;
				VALIDATE_PRODUCT = YES;
			};
			name = Release;
		};
		527964911734FFDA00CE2052 /* Debug */ = {
			isa = XCBuildConfiguration;
			buildSettings = {
				GCC_PRECOMPILE_PREFIX_HEADER = YES;
				GCC_PREFIX_HEADER = "TestApp/TestApp-Prefix.pch";
				INFOPLIST_FILE = "TestApp/TestApp-Info.plist";
				PRODUCT_NAME = "$(TARGET_NAME)";
				WRAPPER_EXTENSION = app;
			};
			name = Debug;
		};
		527964921734FFDA00CE2052 /* Release */ = {
			isa = XCBuildConfiguration;
			buildSettings = {
				GCC_PRECOMPILE_PREFIX_HEADER = YES;
				GCC_PREFIX_HEADER = "TestApp/TestApp-Prefix.pch";
				INFOPLIST_FILE = "TestApp/TestApp-Info.plist";
				PRODUCT_NAME = "$(TARGET_NAME)";
				WRAPPER_EXTENSION = app;
			};
			name = Release;
		};
/* End XCBuildConfiguration section */

/* Begin XCConfigurationList section */
		5279646E1734FFDA00CE2052 /* Build configuration list for PBXProject "TestApp" */ = {
			isa = XCConfigurationList;
			buildConfigurations = (
				5279648E1734FFDA00CE2052 /* Debug */,
				5279648F1734FFDA00CE2052 /* Release */,
			);
			defaultConfigurationIsVisible = 0;
			defaultConfigurationName = Release;
		};
		527964901734FFDA00CE2052 /* Build configuration list for PBXNativeTarget "TestApp" */ = {
			isa = XCConfigurationList;
			buildConfigurations = (
				527964911734FFDA00CE2052 /* Debug */,
				527964921734FFDA00CE2052 /* Release */,
			);
			defaultConfigurationIsVisible = 0;
		};
/* End XCConfigurationList section */
	};
	rootObject = 5279646B1734FFDA00CE2052 /* Project object */;
}
