// !$*UTF8*$!
{
	archiveVersion = 1;
	classes = {
	};
	objectVersion = 46;
	objects = {

/* Begin PBXBuildFile section */
		5275C5CE170D476400D7A3E5 /* UIKit.framework in Frameworks */ = {isa = PBXBuildFile; fileRef = 5275C5CD170D476400D7A3E5 /* UIKit.framework */; };
		5275C5D0170D476400D7A3E5 /* Foundation.framework in Frameworks */ = {isa = PBXBuildFile; fileRef = 5275C5CF170D476400D7A3E5 /* Foundation.framework */; };
		5275C5D2170D476400D7A3E5 /* CoreGraphics.framework in Frameworks */ = {isa = PBXBuildFile; fileRef = 5275C5D1170D476400D7A3E5 /* CoreGraphics.framework */; };
		5275C5D8170D476400D7A3E5 /* InfoPlist.strings in Resources */ = {isa = PBXBuildFile; fileRef = 5275C5D6170D476400D7A3E5 /* InfoPlist.strings */; };
		5275C5DA170D476400D7A3E5 /* main.m in Sources */ = {isa = PBXBuildFile; fileRef = 5275C5D9170D476400D7A3E5 /* main.m */; };
		5275C5DE170D476400D7A3E5 /* AppDelegate.m in Sources */ = {isa = PBXBuildFile; fileRef = 5275C5DD170D476400D7A3E5 /* AppDelegate.m */; };
		5275C5E0170D476400D7A3E5 /* Default.png in Resources */ = {isa = PBXBuildFile; fileRef = 5275C5DF170D476400D7A3E5 /* Default.png */; };
		5275C5E2170D476400D7A3E5 /* Default@2x.png in Resources */ = {isa = PBXBuildFile; fileRef = 5275C5E1170D476400D7A3E5 /* Default@2x.png */; };
		5275C5E4170D476400D7A3E5 /* Default-568h@2x.png in Resources */ = {isa = PBXBuildFile; fileRef = 5275C5E3170D476400D7A3E5 /* Default-568h@2x.png */; };
		5275C607170D47CA00D7A3E5 /* OnlineFriendListViewController.m in Sources */ = {isa = PBXBuildFile; fileRef = 5275C5EC170D47CA00D7A3E5 /* OnlineFriendListViewController.m */; };
		5275C608170D47CA00D7A3E5 /* Push2TalkController.m in Sources */ = {isa = PBXBuildFile; fileRef = 5275C5EE170D47CA00D7A3E5 /* Push2TalkController.m */; };
		5275C609170D47CA00D7A3E5 /* AudioStreamPlayer.mm in Sources */ = {isa = PBXBuildFile; fileRef = 5275C5F1170D47CA00D7A3E5 /* AudioStreamPlayer.mm */; };
		5275C60A170D47CA00D7A3E5 /* AudioStreamRecord.mm in Sources */ = {isa = PBXBuildFile; fileRef = 5275C5F3170D47CA00D7A3E5 /* AudioStreamRecord.mm */; };
		5275C60B170D47CA00D7A3E5 /* CMessage.m in Sources */ = {isa = PBXBuildFile; fileRef = 5275C5F5170D47CA00D7A3E5 /* CMessage.m */; };
		5275C60C170D47CA00D7A3E5 /* OPUSwrapper.cpp in Sources */ = {isa = PBXBuildFile; fileRef = 5275C5F6170D47CA00D7A3E5 /* OPUSwrapper.cpp */; };
		5275C60D170D47CA00D7A3E5 /* Push2TalkManager.m in Sources */ = {isa = PBXBuildFile; fileRef = 5275C5F9170D47CA00D7A3E5 /* Push2TalkManager.m */; };
		5275C60E170D47CA00D7A3E5 /* Push2TalkMsg.m in Sources */ = {isa = PBXBuildFile; fileRef = 5275C5FB170D47CA00D7A3E5 /* Push2TalkMsg.m */; };
		5275C60F170D47CA00D7A3E5 /* Stunwrapper.m in Sources */ = {isa = PBXBuildFile; fileRef = 5275C5FD170D47CA00D7A3E5 /* Stunwrapper.m */; };
		5275C610170D47CA00D7A3E5 /* TalkManager.mm in Sources */ = {isa = PBXBuildFile; fileRef = 5275C5FF170D47CA00D7A3E5 /* TalkManager.mm */; };
		5275C611170D47CA00D7A3E5 /* TalkRecver.m in Sources */ = {isa = PBXBuildFile; fileRef = 5275C601170D47CA00D7A3E5 /* TalkRecver.m */; };
		5275C612170D47CA00D7A3E5 /* TalkSender.m in Sources */ = {isa = PBXBuildFile; fileRef = 5275C603170D47CA00D7A3E5 /* TalkSender.m */; };
		5275C613170D47CA00D7A3E5 /* TalkSessionInfo.m in Sources */ = {isa = PBXBuildFile; fileRef = 5275C605170D47CA00D7A3E5 /* TalkSessionInfo.m */; };
		5275C617170D492F00D7A3E5 /* RCLog.m in Sources */ = {isa = PBXBuildFile; fileRef = 5275C616170D492F00D7A3E5 /* RCLog.m */; };
/* End PBXBuildFile section */

/* Begin PBXFileReference section */
		5275C5CA170D476400D7A3E5 /* Push2TallkApp.app */ = {isa = PBXFileReference; explicitFileType = wrapper.application; includeInIndex = 0; path = Push2TallkApp.app; sourceTree = BUILT_PRODUCTS_DIR; };
		5275C5CD170D476400D7A3E5 /* UIKit.framework */ = {isa = PBXFileReference; lastKnownFileType = wrapper.framework; name = UIKit.framework; path = System/Library/Frameworks/UIKit.framework; sourceTree = SDKROOT; };
		5275C5CF170D476400D7A3E5 /* Foundation.framework */ = {isa = PBXFileReference; lastKnownFileType = wrapper.framework; name = Foundation.framework; path = System/Library/Frameworks/Foundation.framework; sourceTree = SDKROOT; };
		5275C5D1170D476400D7A3E5 /* CoreGraphics.framework */ = {isa = PBXFileReference; lastKnownFileType = wrapper.framework; name = CoreGraphics.framework; path = System/Library/Frameworks/CoreGraphics.framework; sourceTree = SDKROOT; };
		5275C5D5170D476400D7A3E5 /* Push2TallkApp-Info.plist */ = {isa = PBXFileReference; lastKnownFileType = text.plist.xml; path = "Push2TallkApp-Info.plist"; sourceTree = "<group>"; };
		5275C5D7170D476400D7A3E5 /* en */ = {isa = PBXFileReference; lastKnownFileType = text.plist.strings; name = en; path = en.lproj/InfoPlist.strings; sourceTree = "<group>"; };
		5275C5D9170D476400D7A3E5 /* main.m */ = {isa = PBXFileReference; lastKnownFileType = sourcecode.c.objc; path = main.m; sourceTree = "<group>"; };
		5275C5DB170D476400D7A3E5 /* Push2TallkApp-Prefix.pch */ = {isa = PBXFileReference; lastKnownFileType = sourcecode.c.h; path = "Push2TallkApp-Prefix.pch"; sourceTree = "<group>"; };
		5275C5DC170D476400D7A3E5 /* AppDelegate.h */ = {isa = PBXFileReference; lastKnownFileType = sourcecode.c.h; path = AppDelegate.h; sourceTree = "<group>"; };
		5275C5DD170D476400D7A3E5 /* AppDelegate.m */ = {isa = PBXFileReference; lastKnownFileType = sourcecode.c.objc; path = AppDelegate.m; sourceTree = "<group>"; };
		5275C5DF170D476400D7A3E5 /* Default.png */ = {isa = PBXFileReference; lastKnownFileType = image.png; path = Default.png; sourceTree = "<group>"; };
		5275C5E1170D476400D7A3E5 /* Default@2x.png */ = {isa = PBXFileReference; lastKnownFileType = image.png; path = "Default@2x.png"; sourceTree = "<group>"; };
		5275C5E3170D476400D7A3E5 /* Default-568h@2x.png */ = {isa = PBXFileReference; lastKnownFileType = image.png; path = "Default-568h@2x.png"; sourceTree = "<group>"; };
		5275C5EB170D47CA00D7A3E5 /* OnlineFriendListViewController.h */ = {isa = PBXFileReference; fileEncoding = 4; lastKnownFileType = sourcecode.c.h; path = OnlineFriendListViewController.h; sourceTree = "<group>"; };
		5275C5EC170D47CA00D7A3E5 /* OnlineFriendListViewController.m */ = {isa = PBXFileReference; fileEncoding = 4; lastKnownFileType = sourcecode.c.objc; path = OnlineFriendListViewController.m; sourceTree = "<group>"; };
		5275C5ED170D47CA00D7A3E5 /* Push2TalkController.h */ = {isa = PBXFileReference; fileEncoding = 4; lastKnownFileType = sourcecode.c.h; path = Push2TalkController.h; sourceTree = "<group>"; };
		5275C5EE170D47CA00D7A3E5 /* Push2TalkController.m */ = {isa = PBXFileReference; fileEncoding = 4; lastKnownFileType = sourcecode.c.objc; path = Push2TalkController.m; sourceTree = "<group>"; };
		5275C5F0170D47CA00D7A3E5 /* AudioStreamPlayer.h */ = {isa = PBXFileReference; fileEncoding = 4; lastKnownFileType = sourcecode.c.h; path = AudioStreamPlayer.h; sourceTree = "<group>"; };
		5275C5F1170D47CA00D7A3E5 /* AudioStreamPlayer.mm */ = {isa = PBXFileReference; fileEncoding = 4; lastKnownFileType = sourcecode.cpp.objcpp; path = AudioStreamPlayer.mm; sourceTree = "<group>"; };
		5275C5F2170D47CA00D7A3E5 /* AudioStreamRecord.h */ = {isa = PBXFileReference; fileEncoding = 4; lastKnownFileType = sourcecode.c.h; path = AudioStreamRecord.h; sourceTree = "<group>"; };
		5275C5F3170D47CA00D7A3E5 /* AudioStreamRecord.mm */ = {isa = PBXFileReference; fileEncoding = 4; lastKnownFileType = sourcecode.cpp.objcpp; path = AudioStreamRecord.mm; sourceTree = "<group>"; };
		5275C5F4170D47CA00D7A3E5 /* CMessage.h */ = {isa = PBXFileReference; fileEncoding = 4; lastKnownFileType = sourcecode.c.h; path = CMessage.h; sourceTree = "<group>"; };
		5275C5F5170D47CA00D7A3E5 /* CMessage.m */ = {isa = PBXFileReference; fileEncoding = 4; lastKnownFileType = sourcecode.c.objc; path = CMessage.m; sourceTree = "<group>"; };
		5275C5F6170D47CA00D7A3E5 /* OPUSwrapper.cpp */ = {isa = PBXFileReference; fileEncoding = 4; lastKnownFileType = sourcecode.cpp.cpp; path = OPUSwrapper.cpp; sourceTree = "<group>"; };
		5275C5F7170D47CA00D7A3E5 /* OPUSwrapper.h */ = {isa = PBXFileReference; fileEncoding = 4; lastKnownFileType = sourcecode.c.h; path = OPUSwrapper.h; sourceTree = "<group>"; };
		5275C5F8170D47CA00D7A3E5 /* Push2TalkManager.h */ = {isa = PBXFileReference; fileEncoding = 4; lastKnownFileType = sourcecode.c.h; path = Push2TalkManager.h; sourceTree = "<group>"; };
		5275C5F9170D47CA00D7A3E5 /* Push2TalkManager.m */ = {isa = PBXFileReference; fileEncoding = 4; lastKnownFileType = sourcecode.c.objc; path = Push2TalkManager.m; sourceTree = "<group>"; };
		5275C5FA170D47CA00D7A3E5 /* Push2TalkMsg.h */ = {isa = PBXFileReference; fileEncoding = 4; lastKnownFileType = sourcecode.c.h; path = Push2TalkMsg.h; sourceTree = "<group>"; };
		5275C5FB170D47CA00D7A3E5 /* Push2TalkMsg.m */ = {isa = PBXFileReference; fileEncoding = 4; lastKnownFileType = sourcecode.c.objc; path = Push2TalkMsg.m; sourceTree = "<group>"; };
		5275C5FC170D47CA00D7A3E5 /* Stunwapper.h */ = {isa = PBXFileReference; fileEncoding = 4; lastKnownFileType = sourcecode.c.h; path = Stunwapper.h; sourceTree = "<group>"; };
		5275C5FD170D47CA00D7A3E5 /* Stunwrapper.m */ = {isa = PBXFileReference; fileEncoding = 4; lastKnownFileType = sourcecode.c.objc; path = Stunwrapper.m; sourceTree = "<group>"; };
		5275C5FE170D47CA00D7A3E5 /* TalkManager.h */ = {isa = PBXFileReference; fileEncoding = 4; lastKnownFileType = sourcecode.c.h; path = TalkManager.h; sourceTree = "<group>"; };
		5275C5FF170D47CA00D7A3E5 /* TalkManager.mm */ = {isa = PBXFileReference; fileEncoding = 4; lastKnownFileType = sourcecode.cpp.objcpp; path = TalkManager.mm; sourceTree = "<group>"; };
		5275C600170D47CA00D7A3E5 /* TalkRecver.h */ = {isa = PBXFileReference; fileEncoding = 4; lastKnownFileType = sourcecode.c.h; path = TalkRecver.h; sourceTree = "<group>"; };
		5275C601170D47CA00D7A3E5 /* TalkRecver.m */ = {isa = PBXFileReference; fileEncoding = 4; lastKnownFileType = sourcecode.c.objc; path = TalkRecver.m; sourceTree = "<group>"; };
		5275C602170D47CA00D7A3E5 /* TalkSender.h */ = {isa = PBXFileReference; fileEncoding = 4; lastKnownFileType = sourcecode.c.h; path = TalkSender.h; sourceTree = "<group>"; };
		5275C603170D47CA00D7A3E5 /* TalkSender.m */ = {isa = PBXFileReference; fileEncoding = 4; lastKnownFileType = sourcecode.c.objc; path = TalkSender.m; sourceTree = "<group>"; };
		5275C604170D47CA00D7A3E5 /* TalkSessionInfo.h */ = {isa = PBXFileReference; fileEncoding = 4; lastKnownFileType = sourcecode.c.h; path = TalkSessionInfo.h; sourceTree = "<group>"; };
		5275C605170D47CA00D7A3E5 /* TalkSessionInfo.m */ = {isa = PBXFileReference; fileEncoding = 4; lastKnownFileType = sourcecode.c.objc; path = TalkSessionInfo.m; sourceTree = "<group>"; };
		5275C615170D492F00D7A3E5 /* RCLog.h */ = {isa = PBXFileReference; fileEncoding = 4; lastKnownFileType = sourcecode.c.h; path = RCLog.h; sourceTree = "<group>"; };
		5275C616170D492F00D7A3E5 /* RCLog.m */ = {isa = PBXFileReference; fileEncoding = 4; lastKnownFileType = sourcecode.c.objc; path = RCLog.m; sourceTree = "<group>"; };
/* End PBXFileReference section */

/* Begin PBXFrameworksBuildPhase section */
		5275C5C7170D476400D7A3E5 /* Frameworks */ = {
			isa = PBXFrameworksBuildPhase;
			buildActionMask = 2147483647;
			files = (
				5275C5CE170D476400D7A3E5 /* UIKit.framework in Frameworks */,
				5275C5D0170D476400D7A3E5 /* Foundation.framework in Frameworks */,
				5275C5D2170D476400D7A3E5 /* CoreGraphics.framework in Frameworks */,
			);
			runOnlyForDeploymentPostprocessing = 0;
		};
/* End PBXFrameworksBuildPhase section */

/* Begin PBXGroup section */
		5275C5C1170D476400D7A3E5 = {
			isa = PBXGroup;
			children = (
				5275C5D3170D476400D7A3E5 /* Push2TallkApp */,
				5275C5CC170D476400D7A3E5 /* Frameworks */,
				5275C5CB170D476400D7A3E5 /* Products */,
			);
			sourceTree = "<group>";
		};
		5275C5CB170D476400D7A3E5 /* Products */ = {
			isa = PBXGroup;
			children = (
				5275C5CA170D476400D7A3E5 /* Push2TallkApp.app */,
			);
			name = Products;
			sourceTree = "<group>";
		};
		5275C5CC170D476400D7A3E5 /* Frameworks */ = {
			isa = PBXGroup;
			children = (
				5275C5CD170D476400D7A3E5 /* UIKit.framework */,
				5275C5CF170D476400D7A3E5 /* Foundation.framework */,
				5275C5D1170D476400D7A3E5 /* CoreGraphics.framework */,
			);
			name = Frameworks;
			sourceTree = "<group>";
		};
		5275C5D3170D476400D7A3E5 /* Push2TallkApp */ = {
			isa = PBXGroup;
			children = (
				5275C614170D492F00D7A3E5 /* Log */,
				5275C5EA170D47CA00D7A3E5 /* Controllers */,
				5275C5EF170D47CA00D7A3E5 /* Models */,
				5275C606170D47CA00D7A3E5 /* Views */,
				5275C5DC170D476400D7A3E5 /* AppDelegate.h */,
				5275C5DD170D476400D7A3E5 /* AppDelegate.m */,
				5275C5D4170D476400D7A3E5 /* Supporting Files */,
			);
			path = Push2TallkApp;
			sourceTree = "<group>";
		};
		5275C5D4170D476400D7A3E5 /* Supporting Files */ = {
			isa = PBXGroup;
			children = (
				5275C5D5170D476400D7A3E5 /* Push2TallkApp-Info.plist */,
				5275C5D6170D476400D7A3E5 /* InfoPlist.strings */,
				5275C5D9170D476400D7A3E5 /* main.m */,
				5275C5DB170D476400D7A3E5 /* Push2TallkApp-Prefix.pch */,
				5275C5DF170D476400D7A3E5 /* Default.png */,
				5275C5E1170D476400D7A3E5 /* Default@2x.png */,
				5275C5E3170D476400D7A3E5 /* Default-568h@2x.png */,
			);
			name = "Supporting Files";
			sourceTree = "<group>";
		};
		5275C5EA170D47CA00D7A3E5 /* Controllers */ = {
			isa = PBXGroup;
			children = (
				5275C5EB170D47CA00D7A3E5 /* OnlineFriendListViewController.h */,
				5275C5EC170D47CA00D7A3E5 /* OnlineFriendListViewController.m */,
				5275C5ED170D47CA00D7A3E5 /* Push2TalkController.h */,
				5275C5EE170D47CA00D7A3E5 /* Push2TalkController.m */,
			);
			path = Controllers;
			sourceTree = "<group>";
		};
		5275C5EF170D47CA00D7A3E5 /* Models */ = {
			isa = PBXGroup;
			children = (
				5275C5F0170D47CA00D7A3E5 /* AudioStreamPlayer.h */,
				5275C5F1170D47CA00D7A3E5 /* AudioStreamPlayer.mm */,
				5275C5F2170D47CA00D7A3E5 /* AudioStreamRecord.h */,
				5275C5F3170D47CA00D7A3E5 /* AudioStreamRecord.mm */,
				5275C5F4170D47CA00D7A3E5 /* CMessage.h */,
				5275C5F5170D47CA00D7A3E5 /* CMessage.m */,
				5275C5F6170D47CA00D7A3E5 /* OPUSwrapper.cpp */,
				5275C5F7170D47CA00D7A3E5 /* OPUSwrapper.h */,
				5275C5F8170D47CA00D7A3E5 /* Push2TalkManager.h */,
				5275C5F9170D47CA00D7A3E5 /* Push2TalkManager.m */,
				5275C5FA170D47CA00D7A3E5 /* Push2TalkMsg.h */,
				5275C5FB170D47CA00D7A3E5 /* Push2TalkMsg.m */,
				5275C5FC170D47CA00D7A3E5 /* Stunwapper.h */,
				5275C5FD170D47CA00D7A3E5 /* Stunwrapper.m */,
				5275C5FE170D47CA00D7A3E5 /* TalkManager.h */,
				5275C5FF170D47CA00D7A3E5 /* TalkManager.mm */,
				5275C600170D47CA00D7A3E5 /* TalkRecver.h */,
				5275C601170D47CA00D7A3E5 /* TalkRecver.m */,
				5275C602170D47CA00D7A3E5 /* TalkSender.h */,
				5275C603170D47CA00D7A3E5 /* TalkSender.m */,
				5275C604170D47CA00D7A3E5 /* TalkSessionInfo.h */,
				5275C605170D47CA00D7A3E5 /* TalkSessionInfo.m */,
			);
			path = Models;
			sourceTree = "<group>";
		};
		5275C606170D47CA00D7A3E5 /* Views */ = {
			isa = PBXGroup;
			children = (
			);
			path = Views;
			sourceTree = "<group>";
		};
		5275C614170D492F00D7A3E5 /* Log */ = {
			isa = PBXGroup;
			children = (
				5275C615170D492F00D7A3E5 /* RCLog.h */,
				5275C616170D492F00D7A3E5 /* RCLog.m */,
			);
			path = Log;
			sourceTree = "<group>";
		};
/* End PBXGroup section */

/* Begin PBXNativeTarget section */
		5275C5C9170D476400D7A3E5 /* Push2TallkApp */ = {
			isa = PBXNativeTarget;
			buildConfigurationList = 5275C5E7170D476400D7A3E5 /* Build configuration list for PBXNativeTarget "Push2TallkApp" */;
			buildPhases = (
				5275C5C6170D476400D7A3E5 /* Sources */,
				5275C5C7170D476400D7A3E5 /* Frameworks */,
				5275C5C8170D476400D7A3E5 /* Resources */,
			);
			buildRules = (
			);
			dependencies = (
			);
			name = Push2TallkApp;
			productName = Push2TallkApp;
			productReference = 5275C5CA170D476400D7A3E5 /* Push2TallkApp.app */;
			productType = "com.apple.product-type.application";
		};
/* End PBXNativeTarget section */

/* Begin PBXProject section */
		5275C5C2170D476400D7A3E5 /* Project object */ = {
			isa = PBXProject;
			attributes = {
				LastUpgradeCheck = 0460;
				ORGANIZATIONNAME = daviad;
			};
			buildConfigurationList = 5275C5C5170D476400D7A3E5 /* Build configuration list for PBXProject "Push2TallkApp" */;
			compatibilityVersion = "Xcode 3.2";
			developmentRegion = English;
			hasScannedForEncodings = 0;
			knownRegions = (
				en,
			);
			mainGroup = 5275C5C1170D476400D7A3E5;
			productRefGroup = 5275C5CB170D476400D7A3E5 /* Products */;
			projectDirPath = "";
			projectRoot = "";
			targets = (
				5275C5C9170D476400D7A3E5 /* Push2TallkApp */,
			);
		};
/* End PBXProject section */

/* Begin PBXResourcesBuildPhase section */
		5275C5C8170D476400D7A3E5 /* Resources */ = {
			isa = PBXResourcesBuildPhase;
			buildActionMask = 2147483647;
			files = (
				5275C5D8170D476400D7A3E5 /* InfoPlist.strings in Resources */,
				5275C5E0170D476400D7A3E5 /* Default.png in Resources */,
				5275C5E2170D476400D7A3E5 /* Default@2x.png in Resources */,
				5275C5E4170D476400D7A3E5 /* Default-568h@2x.png in Resources */,
			);
			runOnlyForDeploymentPostprocessing = 0;
		};
/* End PBXResourcesBuildPhase section */

/* Begin PBXSourcesBuildPhase section */
		5275C5C6170D476400D7A3E5 /* Sources */ = {
			isa = PBXSourcesBuildPhase;
			buildActionMask = 2147483647;
			files = (
				5275C5DA170D476400D7A3E5 /* main.m in Sources */,
				5275C5DE170D476400D7A3E5 /* AppDelegate.m in Sources */,
				5275C607170D47CA00D7A3E5 /* OnlineFriendListViewController.m in Sources */,
				5275C608170D47CA00D7A3E5 /* Push2TalkController.m in Sources */,
				5275C609170D47CA00D7A3E5 /* AudioStreamPlayer.mm in Sources */,
				5275C60A170D47CA00D7A3E5 /* AudioStreamRecord.mm in Sources */,
				5275C60B170D47CA00D7A3E5 /* CMessage.m in Sources */,
				5275C60C170D47CA00D7A3E5 /* OPUSwrapper.cpp in Sources */,
				5275C60D170D47CA00D7A3E5 /* Push2TalkManager.m in Sources */,
				5275C60E170D47CA00D7A3E5 /* Push2TalkMsg.m in Sources */,
				5275C60F170D47CA00D7A3E5 /* Stunwrapper.m in Sources */,
				5275C610170D47CA00D7A3E5 /* TalkManager.mm in Sources */,
				5275C611170D47CA00D7A3E5 /* TalkRecver.m in Sources */,
				5275C612170D47CA00D7A3E5 /* TalkSender.m in Sources */,
				5275C613170D47CA00D7A3E5 /* TalkSessionInfo.m in Sources */,
				5275C617170D492F00D7A3E5 /* RCLog.m in Sources */,
			);
			runOnlyForDeploymentPostprocessing = 0;
		};
/* End PBXSourcesBuildPhase section */

/* Begin PBXVariantGroup section */
		5275C5D6170D476400D7A3E5 /* InfoPlist.strings */ = {
			isa = PBXVariantGroup;
			children = (
				5275C5D7170D476400D7A3E5 /* en */,
			);
			name = InfoPlist.strings;
			sourceTree = "<group>";
		};
/* End PBXVariantGroup section */

/* Begin XCBuildConfiguration section */
		5275C5E5170D476400D7A3E5 /* Debug */ = {
			isa = XCBuildConfiguration;
			buildSettings = {
				ALWAYS_SEARCH_USER_PATHS = NO;
				CLANG_CXX_LANGUAGE_STANDARD = "gnu++0x";
				CLANG_CXX_LIBRARY = "libc++";
				CLANG_WARN_CONSTANT_CONVERSION = YES;
				CLANG_WARN_EMPTY_BODY = YES;
				CLANG_WARN_ENUM_CONVERSION = YES;
				CLANG_WARN_INT_CONVERSION = YES;
				CLANG_WARN__DUPLICATE_METHOD_MATCH = YES;
				"CODE_SIGN_IDENTITY[sdk=iphoneos*]" = "iPhone Developer";
				COPY_PHASE_STRIP = NO;
				GCC_C_LANGUAGE_STANDARD = gnu99;
				GCC_DYNAMIC_NO_PIC = NO;
				GCC_OPTIMIZATION_LEVEL = 0;
				GCC_PREPROCESSOR_DEFINITIONS = (
					"DEBUG=1",
					"$(inherited)",
				);
				GCC_SYMBOLS_PRIVATE_EXTERN = NO;
				GCC_WARN_ABOUT_RETURN_TYPE = YES;
				GCC_WARN_UNINITIALIZED_AUTOS = YES;
				GCC_WARN_UNUSED_VARIABLE = YES;
				IPHONEOS_DEPLOYMENT_TARGET = 6.1;
				ONLY_ACTIVE_ARCH = YES;
				SDKROOT = iphoneos;
			};
			name = Debug;
		};
		5275C5E6170D476400D7A3E5 /* Release */ = {
			isa = XCBuildConfiguration;
			buildSettings = {
				ALWAYS_SEARCH_USER_PATHS = NO;
				CLANG_CXX_LANGUAGE_STANDARD = "gnu++0x";
				CLANG_CXX_LIBRARY = "libc++";
				CLANG_WARN_CONSTANT_CONVERSION = YES;
				CLANG_WARN_EMPTY_BODY = YES;
				CLANG_WARN_ENUM_CONVERSION = YES;
				CLANG_WARN_INT_CONVERSION = YES;
				CLANG_WARN__DUPLICATE_METHOD_MATCH = YES;
				"CODE_SIGN_IDENTITY[sdk=iphoneos*]" = "iPhone Developer";
				COPY_PHASE_STRIP = YES;
				GCC_C_LANGUAGE_STANDARD = gnu99;
				GCC_WARN_ABOUT_RETURN_TYPE = YES;
				GCC_WARN_UNINITIALIZED_AUTOS = YES;
				GCC_WARN_UNUSED_VARIABLE = YES;
				IPHONEOS_DEPLOYMENT_TARGET = 6.1;
				OTHER_CFLAGS = "-DNS_BLOCK_ASSERTIONS=1";
				SDKROOT = iphoneos;
				VALIDATE_PRODUCT = YES;
			};
			name = Release;
		};
		5275C5E8170D476400D7A3E5 /* Debug */ = {
			isa = XCBuildConfiguration;
			buildSettings = {
				GCC_PRECOMPILE_PREFIX_HEADER = YES;
				GCC_PREFIX_HEADER = "Push2TallkApp/Push2TallkApp-Prefix.pch";
				INFOPLIST_FILE = "Push2TallkApp/Push2TallkApp-Info.plist";
				PRODUCT_NAME = "$(TARGET_NAME)";
				WRAPPER_EXTENSION = app;
			};
			name = Debug;
		};
		5275C5E9170D476400D7A3E5 /* Release */ = {
			isa = XCBuildConfiguration;
			buildSettings = {
				GCC_PRECOMPILE_PREFIX_HEADER = YES;
				GCC_PREFIX_HEADER = "Push2TallkApp/Push2TallkApp-Prefix.pch";
				INFOPLIST_FILE = "Push2TallkApp/Push2TallkApp-Info.plist";
				PRODUCT_NAME = "$(TARGET_NAME)";
				WRAPPER_EXTENSION = app;
			};
			name = Release;
		};
/* End XCBuildConfiguration section */

/* Begin XCConfigurationList section */
		5275C5C5170D476400D7A3E5 /* Build configuration list for PBXProject "Push2TallkApp" */ = {
			isa = XCConfigurationList;
			buildConfigurations = (
				5275C5E5170D476400D7A3E5 /* Debug */,
				5275C5E6170D476400D7A3E5 /* Release */,
			);
			defaultConfigurationIsVisible = 0;
			defaultConfigurationName = Release;
		};
		5275C5E7170D476400D7A3E5 /* Build configuration list for PBXNativeTarget "Push2TallkApp" */ = {
			isa = XCConfigurationList;
			buildConfigurations = (
				5275C5E8170D476400D7A3E5 /* Debug */,
				5275C5E9170D476400D7A3E5 /* Release */,
			);
			defaultConfigurationIsVisible = 0;
		};
/* End XCConfigurationList section */
	};
	rootObject = 5275C5C2170D476400D7A3E5 /* Project object */;
}
